{
  "version": "5",
  "redirects": {
    "https://esm.sh/@supabase/supabase-js@2": "https://esm.sh/@supabase/supabase-js@2.110.0",
    "https://esm.sh/jose@5": "https://esm.sh/jose@5.10.0"
  },
  "remote": {
    "https://esm.sh/@supabase/supabase-js@2.110.0": "b99c0ce7729f9de7797f836b93ab9ec94f1cfe079b4f937fa4144fe13525e979",
    "https://esm.sh/jose@5.10.0": "43705c1f40e5191081bcac2851ad8265f03c23bf751f9b84260ac2874f8ce209"
  },
  "workspace": {
    "packageJson": {
      "dependencies": [
        "npm:@anicca-labs/expo-image@~0.1.2",
        "npm:@anicca-labs/react-auth-client@~0.1.1",
        "npm:@anicca-labs/react-auth-core@~0.1.1",
        "npm:@anicca-labs/react-auth-hooks@~0.1.2",
        "npm:@anicca-labs/react-auth-setup@~0.1.1",
        "npm:@anicca-labs/react-auth-storage@~0.1.2",
        "npm:@anicca-labs/react-form@~0.1.2",
        "npm:@anicca-labs/react-hooks@~0.1.1",
        "npm:@anicca-labs/react-native-auth-apple@~0.1.1",
        "npm:@anicca-labs/react-native-auth-google@~0.1.1",
        "npm:@anicca-labs/react-native-functions@~0.1.1",
        "npm:@anicca-labs/react-native-hooks@~0.1.1",
        "npm:@anicca-labs/react-native-splash-view@~0.1.12",
        "npm:@anicca-labs/react-native-ui-config@~0.1.3",
        "npm:@anicca-labs/react-query-sdk@~0.1.3",
        "npm:@anicca-labs/ui-button-animated@~0.1.5",
        "npm:@anicca-labs/ui-button@~0.1.12",
        "npm:@anicca-labs/ui-containers@~0.1.12",
        "npm:@anicca-labs/ui-touchables@~0.1.4",
        "npm:@babel/core@^7.29.0",
        "npm:@babel/plugin-transform-computed-properties@^7.28.0",
        "npm:@babel/runtime@^7.29.2",
        "npm:@commitlint/cli@21.0.2",
        "npm:@commitlint/config-conventional@21.0.2",
        "npm:@expo-google-fonts/dm-sans@~0.4.2",
        "npm:@expo-google-fonts/lora@~0.4.2",
        "npm:@expo/dom-webview@~57.0.1",
        "npm:@expo/log-box@^56.0.13",
        "npm:@expo/vector-icons@^15.0.2",
        "npm:@hookform/resolvers@5.4.0",
        "npm:@invertase/react-native-apple-authentication@^2.5.1",
        "npm:@lingui/cli@6.4.0",
        "npm:@lingui/core@6.4.0",
        "npm:@lingui/format-po@6.4.0",
        "npm:@lingui/metro-transformer@6.4.0",
        "npm:@lingui/react@6.4.0",
        "npm:@phenomnomnominal/tsquery@^6.2.0",
        "npm:@react-native-async-storage/async-storage@2.2.0",
        "npm:@react-native-community/hooks@3",
        "npm:@react-native-community/netinfo@12.0.1",
        "npm:@react-native-firebase/analytics@24.1.1",
        "npm:@react-native-firebase/app@24.1.1",
        "npm:@react-native-firebase/messaging@24.1.1",
        "npm:@react-native-google-signin/google-signin@^16.1.2",
        "npm:@react-native/jest-preset@0.85.3",
        "npm:@react-native/metro-config@0.85.3",
        "npm:@react-navigation/bottom-tabs@7.18.2",
        "npm:@react-navigation/elements@2.9.25",
        "npm:@react-navigation/material-top-tabs@7.6.2",
        "npm:@react-navigation/native@^7.2.5",
        "npm:@sentry/react-native@7.11",
        "npm:@shopify/flash-list@2.0.2",
        "npm:@supabase/supabase-js@2.108.2",
        "npm:@tamagui/babel-plugin@2.3.0",
        "npm:@tamagui/config@2.3.0",
        "npm:@tamagui/core@2.3.0",
        "npm:@tanstack/query-sync-storage-persister@5.101.0",
        "npm:@tanstack/react-query-persist-client@5.101.0",
        "npm:@tanstack/react-query@5.101.0",
        "npm:@testing-library/react-native@14.0.0",
        "npm:@types/aes-js@3",
        "npm:@types/babel__core@7",
        "npm:@types/inflected@2",
        "npm:@types/jest@29.5.14",
        "npm:@types/node@25.9.3",
        "npm:@types/react@19.2.17",
        "npm:aes-js@^3.1.2",
        "npm:axios@1.18.0",
        "npm:babel-plugin-inline-import@3",
        "npm:burnt@0.13",
        "npm:date-fns@4.4.0",
        "npm:eslint-config-expo@~57.0.1",
        "npm:eslint-config-prettier@^10.1.8",
        "npm:eslint@^9.39.4",
        "npm:expo-blur@~57.0.2",
        "npm:expo-build-properties@~57.0.9",
        "npm:expo-constants@~57.0.9",
        "npm:expo-crypto@~57.0.1",
        "npm:expo-dev-client@~57.0.10",
        "npm:expo-device@~57.0.1",
        "npm:expo-doctor@1.18.21",
        "npm:expo-font@~57.0.1",
        "npm:expo-glass-effect@~57.0.1",
        "npm:expo-haptics@~57.0.1",
        "npm:expo-image@~57.0.2",
        "npm:expo-linking@~57.0.5",
        "npm:expo-local-authentication@~57.0.2",
        "npm:expo-localization@~57.0.1",
        "npm:expo-notifications@~57.0.9",
        "npm:expo-router@~57.0.11",
        "npm:expo-secure-store@~57.0.1",
        "npm:expo-sharing@~57.0.9",
        "npm:expo-speech-recognition@~56.0.1",
        "npm:expo-splash-screen@~57.0.5",
        "npm:expo-status-bar@~57.0.1",
        "npm:expo-store-review@~57.0.1",
        "npm:expo-symbols@~57.0.2",
        "npm:expo-system-ui@~57.0.2",
        "npm:expo-tracking-transparency@~57.0.1",
        "npm:expo-web-browser@~57.0.2",
        "npm:expo@~57.0.11",
        "npm:husky@^9.1.7",
        "npm:inflected@^2.1.0",
        "npm:jest-expo@~57.0.3",
        "npm:jest@^29.7.0",
        "npm:orval@8.17.0",
        "npm:prettier@3.8.4",
        "npm:react-dom@19.2.3",
        "npm:react-hook-form@7.79.0",
        "npm:react-native-fbsdk-next@^13.4.3",
        "npm:react-native-gesture-handler@2.32",
        "npm:react-native-keyboard-controller@1.21.9",
        "npm:react-native-mmkv@^4.3.1",
        "npm:react-native-nitro-modules@0.35.9",
        "npm:react-native-pager-view@8.0.2",
        "npm:react-native-purchases-ui@10.0.1",
        "npm:react-native-purchases@10.0.1",
        "npm:react-native-reanimated@4.5.1",
        "npm:react-native-safe-area-context@5.7",
        "npm:react-native-screens@4.26",
        "npm:react-native-svg-transformer@^1.5.3",
        "npm:react-native-svg@15.15.4",
        "npm:react-native-url-polyfill@3",
        "npm:react-native-view-shot@5.1.0",
        "npm:react-native-web@0.21",
        "npm:react-native-worklets@0.10.1",
        "npm:react-native@0.86.2",
        "npm:react@19.2.3",
        "npm:rive-react-native@^9.8.3",
        "npm:tamagui@2.3.0",
        "npm:test-renderer@1",
        "npm:tsx@4.22.4",
        "npm:typescript-language-server@5.3.0",
        "npm:typescript@~6.0.3",
        "npm:zustand@5.0.14"
      ]
    }
  }
}
